
Microsoft Visual Studio Solution File, Format Version 12.00
# Visual Studio Version 16
VisualStudioVersion = 16.0.33529.622
MinimumVisualStudioVersion = 10.0.40219.1
Project("{FAE04EC0-301F-11D3-BF4B-00C04F79EFBC}") = "Caro_PhamNguyenNgocHan", "Caro_PhamNguyenNgocHan.csproj", "{0576A45F-A65B-453F-A8FB-C8BAEB13E39D}"
EndProject
Global
	GlobalSection(SolutionConfigurationPlatforms) = preSolution
		Debug|Any CPU = Debug|Any CPU
		Release|Any CPU = Release|Any CPU
	EndGlobalSection
	GlobalSection(ProjectConfigurationPlatforms) = postSolution
		{0576A45F-A65B-453F-A8FB-C8BAEB13E39D}.Debug|Any CPU.ActiveCfg = Debug|Any CPU
		{0576A45F-A65B-453F-A8FB-C8BAEB13E39D}.Debug|Any CPU.Build.0 = Debug|Any CPU
		{0576A45F-A65B-453F-A8FB-C8BAEB13E39D}.Release|Any CPU.ActiveCfg = Release|Any CPU
		{0576A45F-A65B-453F-A8FB-C8BAEB13E39D}.Release|Any CPU.Build.0 = Release|Any CPU
	EndGlobalSection
	GlobalSection(SolutionProperties) = preSolution
		HideSolutionNode = FALSE
	EndGlobalSection
	GlobalSection(ExtensibilityGlobals) = postSolution
		SolutionGuid = {173F948D-F178-43D8-BBCA-B2A9F8AB47C6}
	EndGlobalSection
EndGlobal
